
Microsoft Visual Studio Solution File, Format Version 12.00
# Visual Studio Version 17
VisualStudioVersion = 17.2.32630.192
MinimumVisualStudioVersion = 10.0.40219.1
Project("{FAE04EC0-301F-11D3-BF4B-00C04F79EFBC}") = "InvestmentCalculator", "InvestmentCalculator\InvestmentCalculator.csproj", "{DEE4E8C7-76B8-4FD0-8218-C6D35570DDBA}"
EndProject
Global
	GlobalSection(SolutionConfigurationPlatforms) = preSolution
		Debug|Any CPU = Debug|Any CPU
		Release|Any CPU = Release|Any CPU
	EndGlobalSection
	GlobalSection(ProjectConfigurationPlatforms) = postSolution
		{DEE4E8C7-76B8-4FD0-8218-C6D35570DDBA}.Debug|Any CPU.ActiveCfg = Debug|Any CPU
		{DEE4E8C7-76B8-4FD0-8218-C6D35570DDBA}.Debug|Any CPU.Build.0 = Debug|Any CPU
		{DEE4E8C7-76B8-4FD0-8218-C6D35570DDBA}.Release|Any CPU.ActiveCfg = Release|Any CPU
		{DEE4E8C7-76B8-4FD0-8218-C6D35570DDBA}.Release|Any CPU.Build.0 = Release|Any CPU
	EndGlobalSection
	GlobalSection(SolutionProperties) = preSolution
		HideSolutionNode = FALSE
	EndGlobalSection
	GlobalSection(ExtensibilityGlobals) = postSolution
		SolutionGuid = {28449C5F-17E8-4FF7-BCAD-9636C8FD7D7D}
	EndGlobalSection
EndGlobal
